
Microsoft Visual Studio Solution File, Format Version 12.00
# Visual Studio 15
VisualStudioVersion = 15.0.27004.2008
MinimumVisualStudioVersion = 10.0.40219.1
Project("{FAE04EC0-301F-11D3-BF4B-00C04F79EFBC}") = "MvcCoreMasterDetails", "MvcCoreMasterDetails\MvcCoreMasterDetails.csproj", "{36188832-3A72-49C8-9FC3-F022B0BAF769}"
EndProject
Global
	GlobalSection(SolutionConfigurationPlatforms) = preSolution
		Debug|Any CPU = Debug|Any CPU
		Release|Any CPU = Release|Any CPU
	EndGlobalSection
	GlobalSection(ProjectConfigurationPlatforms) = postSolution
		{36188832-3A72-49C8-9FC3-F022B0BAF769}.Debug|Any CPU.ActiveCfg = Debug|Any CPU
		{36188832-3A72-49C8-9FC3-F022B0BAF769}.Debug|Any CPU.Build.0 = Debug|Any CPU
		{36188832-3A72-49C8-9FC3-F022B0BAF769}.Release|Any CPU.ActiveCfg = Release|Any CPU
		{36188832-3A72-49C8-9FC3-F022B0BAF769}.Release|Any CPU.Build.0 = Release|Any CPU
	EndGlobalSection
	GlobalSection(SolutionProperties) = preSolution
		HideSolutionNode = FALSE
	EndGlobalSection
	GlobalSection(ExtensibilityGlobals) = postSolution
		SolutionGuid = {25ADF55C-D449-4D55-A18F-14FA24BA9126}
	EndGlobalSection
EndGlobal
